// !$*UTF8*$!
{
	archiveVersion = 1;
	classes = {
	};
	objectVersion = 55;
	objects = {

/* Begin PBXBuildFile section */
		140E7F34270D815300AA0D36 /* SwiftUICleanArchitectureApp.swift in Sources */ = {isa = PBXBuildFile; fileRef = 140E7F33270D815300AA0D36 /* SwiftUICleanArchitectureApp.swift */; };
		140E7F38270D815600AA0D36 /* Assets.xcassets in Resources */ = {isa = PBXBuildFile; fileRef = 140E7F37270D815600AA0D36 /* Assets.xcassets */; };
		140E7F3B270D815600AA0D36 /* Preview Assets.xcassets in Resources */ = {isa = PBXBuildFile; fileRef = 140E7F3A270D815600AA0D36 /* Preview Assets.xcassets */; };
		140E7F4F270D815700AA0D36 /* SwiftUICleanArchitectureUITests.swift in Sources */ = {isa = PBXBuildFile; fileRef = 140E7F4E270D815700AA0D36 /* SwiftUICleanArchitectureUITests.swift */; };
		140E7F51270D815700AA0D36 /* SwiftUICleanArchitectureUITestsLaunchTests.swift in Sources */ = {isa = PBXBuildFile; fileRef = 140E7F50270D815700AA0D36 /* SwiftUICleanArchitectureUITestsLaunchTests.swift */; };
		140E7F6F270D843100AA0D36 /* Article.swift in Sources */ = {isa = PBXBuildFile; fileRef = 140E7F5E270D843100AA0D36 /* Article.swift */; };
		140E7F70270D843100AA0D36 /* CodableDefault.swift in Sources */ = {isa = PBXBuildFile; fileRef = 140E7F60270D843100AA0D36 /* CodableDefault.swift */; };
		140E7F71270D843100AA0D36 /* Resolver.swift in Sources */ = {isa = PBXBuildFile; fileRef = 140E7F61270D843100AA0D36 /* Resolver.swift */; };
		140E7F72270D843100AA0D36 /* ArticleListRow.swift in Sources */ = {isa = PBXBuildFile; fileRef = 140E7F65270D843100AA0D36 /* ArticleListRow.swift */; };
		140E7F73270D843100AA0D36 /* ArticleListViewModel.swift in Sources */ = {isa = PBXBuildFile; fileRef = 140E7F66270D843100AA0D36 /* ArticleListViewModel.swift */; };
		140E7F74270D843100AA0D36 /* ArticleListView.swift in Sources */ = {isa = PBXBuildFile; fileRef = 140E7F67270D843100AA0D36 /* ArticleListView.swift */; };
		140E7F75270D843100AA0D36 /* searchArticles.json in Resources */ = {isa = PBXBuildFile; fileRef = 140E7F6A270D843100AA0D36 /* searchArticles.json */; };
		140E7F77270D843100AA0D36 /* NetworkConfig.swift in Sources */ = {isa = PBXBuildFile; fileRef = 140E7F6C270D843100AA0D36 /* NetworkConfig.swift */; };
		140E7F78270D843100AA0D36 /* ArticleService.swift in Sources */ = {isa = PBXBuildFile; fileRef = 140E7F6E270D843100AA0D36 /* ArticleService.swift */; };
		140E7F7B270D8DB800AA0D36 /* ArticleAPI.swift in Sources */ = {isa = PBXBuildFile; fileRef = 140E7F7A270D8DB800AA0D36 /* ArticleAPI.swift */; };
		140E7F7D270D8E6B00AA0D36 /* RestAPI.swift in Sources */ = {isa = PBXBuildFile; fileRef = 140E7F7C270D8E6B00AA0D36 /* RestAPI.swift */; };
		140E7F82270DA87700AA0D36 /* ArticleListViewModelTests.swift in Sources */ = {isa = PBXBuildFile; fileRef = 140E7F81270DA87700AA0D36 /* ArticleListViewModelTests.swift */; };
		140E7F84270DA88600AA0D36 /* MockLoader.swift in Sources */ = {isa = PBXBuildFile; fileRef = 140E7F83270DA88600AA0D36 /* MockLoader.swift */; };
		140E7F87270DA9EB00AA0D36 /* MockArticleService.swift in Sources */ = {isa = PBXBuildFile; fileRef = 140E7F86270DA9EB00AA0D36 /* MockArticleService.swift */; };
		140E7F8A270DAA3C00AA0D36 /* searchArticles.json in Resources */ = {isa = PBXBuildFile; fileRef = 140E7F89270DAA3C00AA0D36 /* searchArticles.json */; };
		140E7F8D270DB17900AA0D36 /* ArticleTests.swift in Sources */ = {isa = PBXBuildFile; fileRef = 140E7F8C270DB17900AA0D36 /* ArticleTests.swift */; };
		140E7F90270ED71A00AA0D36 /* ArticleDetailView.swift in Sources */ = {isa = PBXBuildFile; fileRef = 140E7F8F270ED71A00AA0D36 /* ArticleDetailView.swift */; };
		140E7F92270ED72F00AA0D36 /* ArticleDetailViewModel.swift in Sources */ = {isa = PBXBuildFile; fileRef = 140E7F91270ED72F00AA0D36 /* ArticleDetailViewModel.swift */; };
		147C14AC272697A400991D88 /* Swinet in Frameworks */ = {isa = PBXBuildFile; productRef = 147C14AB272697A400991D88 /* Swinet */; };
/* End PBXBuildFile section */

/* Begin PBXContainerItemProxy section */
		140E7F41270D815700AA0D36 /* PBXContainerItemProxy */ = {
			isa = PBXContainerItemProxy;
			containerPortal = 140E7F28270D815300AA0D36 /* Project object */;
			proxyType = 1;
			remoteGlobalIDString = 140E7F2F270D815300AA0D36;
			remoteInfo = SwiftUICleanArchitecture;
		};
		140E7F4B270D815700AA0D36 /* PBXContainerItemProxy */ = {
			isa = PBXContainerItemProxy;
			containerPortal = 140E7F28270D815300AA0D36 /* Project object */;
			proxyType = 1;
			remoteGlobalIDString = 140E7F2F270D815300AA0D36;
			remoteInfo = SwiftUICleanArchitecture;
		};
/* End PBXContainerItemProxy section */

/* Begin PBXFileReference section */
		140E7F30270D815300AA0D36 /* SwiftUICleanArchitecture.app */ = {isa = PBXFileReference; explicitFileType = wrapper.application; includeInIndex = 0; path = SwiftUICleanArchitecture.app; sourceTree = BUILT_PRODUCTS_DIR; };
		140E7F33270D815300AA0D36 /* SwiftUICleanArchitectureApp.swift */ = {isa = PBXFileReference; lastKnownFileType = sourcecode.swift; path = SwiftUICleanArchitectureApp.swift; sourceTree = "<group>"; };
		140E7F37270D815600AA0D36 /* Assets.xcassets */ = {isa = PBXFileReference; lastKnownFileType = folder.assetcatalog; path = Assets.xcassets; sourceTree = "<group>"; };
		140E7F3A270D815600AA0D36 /* Preview Assets.xcassets */ = {isa = PBXFileReference; lastKnownFileType = folder.assetcatalog; path = "Preview Assets.xcassets"; sourceTree = "<group>"; };
		140E7F40270D815700AA0D36 /* SwiftUICleanArchitectureTests.xctest */ = {isa = PBXFileReference; explicitFileType = wrapper.cfbundle; includeInIndex = 0; path = SwiftUICleanArchitectureTests.xctest; sourceTree = BUILT_PRODUCTS_DIR; };
		140E7F4A270D815700AA0D36 /* SwiftUICleanArchitectureUITests.xctest */ = {isa = PBXFileReference; explicitFileType = wrapper.cfbundle; includeInIndex = 0; path = SwiftUICleanArchitectureUITests.xctest; sourceTree = BUILT_PRODUCTS_DIR; };
		140E7F4E270D815700AA0D36 /* SwiftUICleanArchitectureUITests.swift */ = {isa = PBXFileReference; lastKnownFileType = sourcecode.swift; path = SwiftUICleanArchitectureUITests.swift; sourceTree = "<group>"; };
		140E7F50270D815700AA0D36 /* SwiftUICleanArchitectureUITestsLaunchTests.swift */ = {isa = PBXFileReference; lastKnownFileType = sourcecode.swift; path = SwiftUICleanArchitectureUITestsLaunchTests.swift; sourceTree = "<group>"; };
		140E7F5E270D843100AA0D36 /* Article.swift */ = {isa = PBXFileReference; fileEncoding = 4; lastKnownFileType = sourcecode.swift; path = Article.swift; sourceTree = "<group>"; };
		140E7F60270D843100AA0D36 /* CodableDefault.swift */ = {isa = PBXFileReference; fileEncoding = 4; lastKnownFileType = sourcecode.swift; path = CodableDefault.swift; sourceTree = "<group>"; };
		140E7F61270D843100AA0D36 /* Resolver.swift */ = {isa = PBXFileReference; fileEncoding = 4; lastKnownFileType = sourcecode.swift; path = Resolver.swift; sourceTree = "<group>"; };
		140E7F65270D843100AA0D36 /* ArticleListRow.swift */ = {isa = PBXFileReference; fileEncoding = 4; lastKnownFileType = sourcecode.swift; path = ArticleListRow.swift; sourceTree = "<group>"; };
		140E7F66270D843100AA0D36 /* ArticleListViewModel.swift */ = {isa = PBXFileReference; fileEncoding = 4; lastKnownFileType = sourcecode.swift; path = ArticleListViewModel.swift; sourceTree = "<group>"; };
		140E7F67270D843100AA0D36 /* ArticleListView.swift */ = {isa = PBXFileReference; fileEncoding = 4; lastKnownFileType = sourcecode.swift; path = ArticleListView.swift; sourceTree = "<group>"; };
		140E7F6A270D843100AA0D36 /* searchArticles.json */ = {isa = PBXFileReference; fileEncoding = 4; lastKnownFileType = text.json; path = searchArticles.json; sourceTree = "<group>"; };
		140E7F6C270D843100AA0D36 /* NetworkConfig.swift */ = {isa = PBXFileReference; fileEncoding = 4; lastKnownFileType = sourcecode.swift; path = NetworkConfig.swift; sourceTree = "<group>"; };
		140E7F6E270D843100AA0D36 /* ArticleService.swift */ = {isa = PBXFileReference; fileEncoding = 4; lastKnownFileType = sourcecode.swift; path = ArticleService.swift; sourceTree = "<group>"; };
		140E7F79270D850600AA0D36 /* Info.plist */ = {isa = PBXFileReference; lastKnownFileType = text.plist; path = Info.plist; sourceTree = "<group>"; };
		140E7F7A270D8DB800AA0D36 /* ArticleAPI.swift */ = {isa = PBXFileReference; lastKnownFileType = sourcecode.swift; path = ArticleAPI.swift; sourceTree = "<group>"; };
		140E7F7C270D8E6B00AA0D36 /* RestAPI.swift */ = {isa = PBXFileReference; lastKnownFileType = sourcecode.swift; path = RestAPI.swift; sourceTree = "<group>"; };
		140E7F81270DA87700AA0D36 /* ArticleListViewModelTests.swift */ = {isa = PBXFileReference; lastKnownFileType = sourcecode.swift; path = ArticleListViewModelTests.swift; sourceTree = "<group>"; };
		140E7F83270DA88600AA0D36 /* MockLoader.swift */ = {isa = PBXFileReference; lastKnownFileType = sourcecode.swift; path = MockLoader.swift; sourceTree = "<group>"; };
		140E7F86270DA9EB00AA0D36 /* MockArticleService.swift */ = {isa = PBXFileReference; lastKnownFileType = sourcecode.swift; path = MockArticleService.swift; sourceTree = "<group>"; };
		140E7F89270DAA3C00AA0D36 /* searchArticles.json */ = {isa = PBXFileReference; fileEncoding = 4; lastKnownFileType = text.json; path = searchArticles.json; sourceTree = "<group>"; };
		140E7F8C270DB17900AA0D36 /* ArticleTests.swift */ = {isa = PBXFileReference; lastKnownFileType = sourcecode.swift; path = ArticleTests.swift; sourceTree = "<group>"; };
		140E7F8F270ED71A00AA0D36 /* ArticleDetailView.swift */ = {isa = PBXFileReference; lastKnownFileType = sourcecode.swift; path = ArticleDetailView.swift; sourceTree = "<group>"; };
		140E7F91270ED72F00AA0D36 /* ArticleDetailViewModel.swift */ = {isa = PBXFileReference; lastKnownFileType = sourcecode.swift; path = ArticleDetailViewModel.swift; sourceTree = "<group>"; };
/* End PBXFileReference section */

/* Begin PBXFrameworksBuildPhase section */
		140E7F2D270D815300AA0D36 /* Frameworks */ = {
			isa = PBXFrameworksBuildPhase;
			buildActionMask = 2147483647;
			files = (
				147C14AC272697A400991D88 /* Swinet in Frameworks */,
			);
			runOnlyForDeploymentPostprocessing = 0;
		};
		140E7F3D270D815700AA0D36 /* Frameworks */ = {
			isa = PBXFrameworksBuildPhase;
			buildActionMask = 2147483647;
			files = (
			);
			runOnlyForDeploymentPostprocessing = 0;
		};
		140E7F47270D815700AA0D36 /* Frameworks */ = {
			isa = PBXFrameworksBuildPhase;
			buildActionMask = 2147483647;
			files = (
			);
			runOnlyForDeploymentPostprocessing = 0;
		};
/* End PBXFrameworksBuildPhase section */

/* Begin PBXGroup section */
		140E7F27270D815300AA0D36 = {
			isa = PBXGroup;
			children = (
				140E7F32270D815300AA0D36 /* SwiftUICleanArchitecture */,
				140E7F43270D815700AA0D36 /* SwiftUICleanArchitectureTests */,
				140E7F4D270D815700AA0D36 /* SwiftUICleanArchitectureUITests */,
				140E7F31270D815300AA0D36 /* Products */,
			);
			sourceTree = "<group>";
		};
		140E7F31270D815300AA0D36 /* Products */ = {
			isa = PBXGroup;
			children = (
				140E7F30270D815300AA0D36 /* SwiftUICleanArchitecture.app */,
				140E7F40270D815700AA0D36 /* SwiftUICleanArchitectureTests.xctest */,
				140E7F4A270D815700AA0D36 /* SwiftUICleanArchitectureUITests.xctest */,
			);
			name = Products;
			sourceTree = "<group>";
		};
		140E7F32270D815300AA0D36 /* SwiftUICleanArchitecture */ = {
			isa = PBXGroup;
			children = (
				140E7F5F270D843100AA0D36 /* Common */,
				140E7F68270D843100AA0D36 /* Network */,
				140E7F5D270D843100AA0D36 /* Model */,
				140E7F6D270D843100AA0D36 /* Service */,
				140E7F62270D843100AA0D36 /* Module */,
				140E7F33270D815300AA0D36 /* SwiftUICleanArchitectureApp.swift */,
				140E7F37270D815600AA0D36 /* Assets.xcassets */,
				140E7F79270D850600AA0D36 /* Info.plist */,
				140E7F39270D815600AA0D36 /* Preview Content */,
			);
			path = SwiftUICleanArchitecture;
			sourceTree = "<group>";
		};
		140E7F39270D815600AA0D36 /* Preview Content */ = {
			isa = PBXGroup;
			children = (
				140E7F3A270D815600AA0D36 /* Preview Assets.xcassets */,
			);
			path = "Preview Content";
			sourceTree = "<group>";
		};
		140E7F43270D815700AA0D36 /* SwiftUICleanArchitectureTests */ = {
			isa = PBXGroup;
			children = (
				140E7F7F270DA6A000AA0D36 /* Helper */,
				140E7F8B270DB15300AA0D36 /* Model */,
				140E7F80270DA86200AA0D36 /* ViewModel */,
			);
			path = SwiftUICleanArchitectureTests;
			sourceTree = "<group>";
		};
		140E7F4D270D815700AA0D36 /* SwiftUICleanArchitectureUITests */ = {
			isa = PBXGroup;
			children = (
				140E7F4E270D815700AA0D36 /* SwiftUICleanArchitectureUITests.swift */,
				140E7F50270D815700AA0D36 /* SwiftUICleanArchitectureUITestsLaunchTests.swift */,
			);
			path = SwiftUICleanArchitectureUITests;
			sourceTree = "<group>";
		};
		140E7F5D270D843100AA0D36 /* Model */ = {
			isa = PBXGroup;
			children = (
				140E7F5E270D843100AA0D36 /* Article.swift */,
			);
			path = Model;
			sourceTree = "<group>";
		};
		140E7F5F270D843100AA0D36 /* Common */ = {
			isa = PBXGroup;
			children = (
				140E7F60270D843100AA0D36 /* CodableDefault.swift */,
				140E7F61270D843100AA0D36 /* Resolver.swift */,
			);
			path = Common;
			sourceTree = "<group>";
		};
		140E7F62270D843100AA0D36 /* Module */ = {
			isa = PBXGroup;
			children = (
				140E7F63270D843100AA0D36 /* ArticleList */,
				140E7F8E270ED6E800AA0D36 /* ArticleDetail */,
			);
			path = Module;
			sourceTree = "<group>";
		};
		140E7F63270D843100AA0D36 /* ArticleList */ = {
			isa = PBXGroup;
			children = (
				140E7F64270D843100AA0D36 /* View */,
				140E7F67270D843100AA0D36 /* ArticleListView.swift */,
				140E7F66270D843100AA0D36 /* ArticleListViewModel.swift */,
			);
			path = ArticleList;
			sourceTree = "<group>";
		};
		140E7F64270D843100AA0D36 /* View */ = {
			isa = PBXGroup;
			children = (
				140E7F65270D843100AA0D36 /* ArticleListRow.swift */,
			);
			path = View;
			sourceTree = "<group>";
		};
		140E7F68270D843100AA0D36 /* Network */ = {
			isa = PBXGroup;
			children = (
				140E7F6C270D843100AA0D36 /* NetworkConfig.swift */,
				140E7F7C270D8E6B00AA0D36 /* RestAPI.swift */,
				140E7F7E270D9DFF00AA0D36 /* API */,
				140E7F69270D843100AA0D36 /* Mock */,
			);
			path = Network;
			sourceTree = "<group>";
		};
		140E7F69270D843100AA0D36 /* Mock */ = {
			isa = PBXGroup;
			children = (
				140E7F6A270D843100AA0D36 /* searchArticles.json */,
			);
			path = Mock;
			sourceTree = "<group>";
		};
		140E7F6D270D843100AA0D36 /* Service */ = {
			isa = PBXGroup;
			children = (
				140E7F6E270D843100AA0D36 /* ArticleService.swift */,
			);
			path = Service;
			sourceTree = "<group>";
		};
		140E7F7E270D9DFF00AA0D36 /* API */ = {
			isa = PBXGroup;
			children = (
				140E7F7A270D8DB800AA0D36 /* ArticleAPI.swift */,
			);
			path = API;
			sourceTree = "<group>";
		};
		140E7F7F270DA6A000AA0D36 /* Helper */ = {
			isa = PBXGroup;
			children = (
				140E7F83270DA88600AA0D36 /* MockLoader.swift */,
				140E7F85270DA88B00AA0D36 /* MockService */,
				140E7F88270DAA1B00AA0D36 /* MockData */,
			);
			path = Helper;
			sourceTree = "<group>";
		};
		140E7F80270DA86200AA0D36 /* ViewModel */ = {
			isa = PBXGroup;
			children = (
				140E7F81270DA87700AA0D36 /* ArticleListViewModelTests.swift */,
			);
			path = ViewModel;
			sourceTree = "<group>";
		};
		140E7F85270DA88B00AA0D36 /* MockService */ = {
			isa = PBXGroup;
			children = (
				140E7F86270DA9EB00AA0D36 /* MockArticleService.swift */,
			);
			path = MockService;
			sourceTree = "<group>";
		};
		140E7F88270DAA1B00AA0D36 /* MockData */ = {
			isa = PBXGroup;
			children = (
				140E7F89270DAA3C00AA0D36 /* searchArticles.json */,
			);
			path = MockData;
			sourceTree = "<group>";
		};
		140E7F8B270DB15300AA0D36 /* Model */ = {
			isa = PBXGroup;
			children = (
				140E7F8C270DB17900AA0D36 /* ArticleTests.swift */,
			);
			path = Model;
			sourceTree = "<group>";
		};
		140E7F8E270ED6E800AA0D36 /* ArticleDetail */ = {
			isa = PBXGroup;
			children = (
				140E7F8F270ED71A00AA0D36 /* ArticleDetailView.swift */,
				140E7F91270ED72F00AA0D36 /* ArticleDetailViewModel.swift */,
			);
			path = ArticleDetail;
			sourceTree = "<group>";
		};
/* End PBXGroup section */

/* Begin PBXNativeTarget section */
		140E7F2F270D815300AA0D36 /* SwiftUICleanArchitecture */ = {
			isa = PBXNativeTarget;
			buildConfigurationList = 140E7F54270D815700AA0D36 /* Build configuration list for PBXNativeTarget "SwiftUICleanArchitecture" */;
			buildPhases = (
				140E7F2C270D815300AA0D36 /* Sources */,
				140E7F2D270D815300AA0D36 /* Frameworks */,
				140E7F2E270D815300AA0D36 /* Resources */,
			);
			buildRules = (
			);
			dependencies = (
			);
			name = SwiftUICleanArchitecture;
			packageProductDependencies = (
				147C14AB272697A400991D88 /* Swinet */,
			);
			productName = SwiftUICleanArchitecture;
			productReference = 140E7F30270D815300AA0D36 /* SwiftUICleanArchitecture.app */;
			productType = "com.apple.product-type.application";
		};
		140E7F3F270D815700AA0D36 /* SwiftUICleanArchitectureTests */ = {
			isa = PBXNativeTarget;
			buildConfigurationList = 140E7F57270D815700AA0D36 /* Build configuration list for PBXNativeTarget "SwiftUICleanArchitectureTests" */;
			buildPhases = (
				140E7F3C270D815700AA0D36 /* Sources */,
				140E7F3D270D815700AA0D36 /* Frameworks */,
				140E7F3E270D815700AA0D36 /* Resources */,
			);
			buildRules = (
			);
			dependencies = (
				140E7F42270D815700AA0D36 /* PBXTargetDependency */,
			);
			name = SwiftUICleanArchitectureTests;
			productName = SwiftUICleanArchitectureTests;
			productReference = 140E7F40270D815700AA0D36 /* SwiftUICleanArchitectureTests.xctest */;
			productType = "com.apple.product-type.bundle.unit-test";
		};
		140E7F49270D815700AA0D36 /* SwiftUICleanArchitectureUITests */ = {
			isa = PBXNativeTarget;
			buildConfigurationList = 140E7F5A270D815700AA0D36 /* Build configuration list for PBXNativeTarget "SwiftUICleanArchitectureUITests" */;
			buildPhases = (
				140E7F46270D815700AA0D36 /* Sources */,
				140E7F47270D815700AA0D36 /* Frameworks */,
				140E7F48270D815700AA0D36 /* Resources */,
			);
			buildRules = (
			);
			dependencies = (
				140E7F4C270D815700AA0D36 /* PBXTargetDependency */,
			);
			name = SwiftUICleanArchitectureUITests;
			productName = SwiftUICleanArchitectureUITests;
			productReference = 140E7F4A270D815700AA0D36 /* SwiftUICleanArchitectureUITests.xctest */;
			productType = "com.apple.product-type.bundle.ui-testing";
		};
/* End PBXNativeTarget section */

/* Begin PBXProject section */
		140E7F28270D815300AA0D36 /* Project object */ = {
			isa = PBXProject;
			attributes = {
				BuildIndependentTargetsInParallel = 1;
				LastSwiftUpdateCheck = 1300;
				LastUpgradeCheck = 1300;
				TargetAttributes = {
					140E7F2F270D815300AA0D36 = {
						CreatedOnToolsVersion = 13.0;
					};
					140E7F3F270D815700AA0D36 = {
						CreatedOnToolsVersion = 13.0;
						TestTargetID = 140E7F2F270D815300AA0D36;
					};
					140E7F49270D815700AA0D36 = {
						CreatedOnToolsVersion = 13.0;
						TestTargetID = 140E7F2F270D815300AA0D36;
					};
				};
			};
			buildConfigurationList = 140E7F2B270D815300AA0D36 /* Build configuration list for PBXProject "SwiftUICleanArchitecture" */;
			compatibilityVersion = "Xcode 13.0";
			developmentRegion = en;
			hasScannedForEncodings = 0;
			knownRegions = (
				en,
				Base,
			);
			mainGroup = 140E7F27270D815300AA0D36;
			packageReferences = (
				147C14AA272697A400991D88 /* XCRemoteSwiftPackageReference "Swinet" */,
			);
			productRefGroup = 140E7F31270D815300AA0D36 /* Products */;
			projectDirPath = "";
			projectRoot = "";
			targets = (
				140E7F2F270D815300AA0D36 /* SwiftUICleanArchitecture */,
				140E7F3F270D815700AA0D36 /* SwiftUICleanArchitectureTests */,
				140E7F49270D815700AA0D36 /* SwiftUICleanArchitectureUITests */,
			);
		};
/* End PBXProject section */

/* Begin PBXResourcesBuildPhase section */
		140E7F2E270D815300AA0D36 /* Resources */ = {
			isa = PBXResourcesBuildPhase;
			buildActionMask = 2147483647;
			files = (
				140E7F3B270D815600AA0D36 /* Preview Assets.xcassets in Resources */,
				140E7F38270D815600AA0D36 /* Assets.xcassets in Resources */,
				140E7F75270D843100AA0D36 /* searchArticles.json in Resources */,
			);
			runOnlyForDeploymentPostprocessing = 0;
		};
		140E7F3E270D815700AA0D36 /* Resources */ = {
			isa = PBXResourcesBuildPhase;
			buildActionMask = 2147483647;
			files = (
				140E7F8A270DAA3C00AA0D36 /* searchArticles.json in Resources */,
			);
			runOnlyForDeploymentPostprocessing = 0;
		};
		140E7F48270D815700AA0D36 /* Resources */ = {
			isa = PBXResourcesBuildPhase;
			buildActionMask = 2147483647;
			files = (
			);
			runOnlyForDeploymentPostprocessing = 0;
		};
/* End PBXResourcesBuildPhase section */

/* Begin PBXSourcesBuildPhase section */
		140E7F2C270D815300AA0D36 /* Sources */ = {
			isa = PBXSourcesBuildPhase;
			buildActionMask = 2147483647;
			files = (
				140E7F71270D843100AA0D36 /* Resolver.swift in Sources */,
				140E7F90270ED71A00AA0D36 /* ArticleDetailView.swift in Sources */,
				140E7F34270D815300AA0D36 /* SwiftUICleanArchitectureApp.swift in Sources */,
				140E7F74270D843100AA0D36 /* ArticleListView.swift in Sources */,
				140E7F92270ED72F00AA0D36 /* ArticleDetailViewModel.swift in Sources */,
				140E7F70270D843100AA0D36 /* CodableDefault.swift in Sources */,
				140E7F6F270D843100AA0D36 /* Article.swift in Sources */,
				140E7F77270D843100AA0D36 /* NetworkConfig.swift in Sources */,
				140E7F7B270D8DB800AA0D36 /* ArticleAPI.swift in Sources */,
				140E7F72270D843100AA0D36 /* ArticleListRow.swift in Sources */,
				140E7F78270D843100AA0D36 /* ArticleService.swift in Sources */,
				140E7F7D270D8E6B00AA0D36 /* RestAPI.swift in Sources */,
				140E7F73270D843100AA0D36 /* ArticleListViewModel.swift in Sources */,
			);
			runOnlyForDeploymentPostprocessing = 0;
		};
		140E7F3C270D815700AA0D36 /* Sources */ = {
			isa = PBXSourcesBuildPhase;
			buildActionMask = 2147483647;
			files = (
				140E7F8D270DB17900AA0D36 /* ArticleTests.swift in Sources */,
				140E7F82270DA87700AA0D36 /* ArticleListViewModelTests.swift in Sources */,
				140E7F87270DA9EB00AA0D36 /* MockArticleService.swift in Sources */,
				140E7F84270DA88600AA0D36 /* MockLoader.swift in Sources */,
			);
			runOnlyForDeploymentPostprocessing = 0;
		};
		140E7F46270D815700AA0D36 /* Sources */ = {
			isa = PBXSourcesBuildPhase;
			buildActionMask = 2147483647;
			files = (
				140E7F4F270D815700AA0D36 /* SwiftUICleanArchitectureUITests.swift in Sources */,
				140E7F51270D815700AA0D36 /* SwiftUICleanArchitectureUITestsLaunchTests.swift in Sources */,
			);
			runOnlyForDeploymentPostprocessing = 0;
		};
/* End PBXSourcesBuildPhase section */

/* Begin PBXTargetDependency section */
		140E7F42270D815700AA0D36 /* PBXTargetDependency */ = {
			isa = PBXTargetDependency;
			target = 140E7F2F270D815300AA0D36 /* SwiftUICleanArchitecture */;
			targetProxy = 140E7F41270D815700AA0D36 /* PBXContainerItemProxy */;
		};
		140E7F4C270D815700AA0D36 /* PBXTargetDependency */ = {
			isa = PBXTargetDependency;
			target = 140E7F2F270D815300AA0D36 /* SwiftUICleanArchitecture */;
			targetProxy = 140E7F4B270D815700AA0D36 /* PBXContainerItemProxy */;
		};
/* End PBXTargetDependency section */

/* Begin XCBuildConfiguration section */
		140E7F52270D815700AA0D36 /* Debug */ = {
			isa = XCBuildConfiguration;
			buildSettings = {
				ALWAYS_SEARCH_USER_PATHS = NO;
				CLANG_ANALYZER_NONNULL = YES;
				CLANG_ANALYZER_NUMBER_OBJECT_CONVERSION = YES_AGGRESSIVE;
				CLANG_CXX_LANGUAGE_STANDARD = "gnu++17";
				CLANG_CXX_LIBRARY = "libc++";
				CLANG_ENABLE_MODULES = YES;
				CLANG_ENABLE_OBJC_ARC = YES;
				CLANG_ENABLE_OBJC_WEAK = YES;
				CLANG_WARN_BLOCK_CAPTURE_AUTORELEASING = YES;
				CLANG_WARN_BOOL_CONVERSION = YES;
				CLANG_WARN_COMMA = YES;
				CLANG_WARN_CONSTANT_CONVERSION = YES;
				CLANG_WARN_DEPRECATED_OBJC_IMPLEMENTATIONS = YES;
				CLANG_WARN_DIRECT_OBJC_ISA_USAGE = YES_ERROR;
				CLANG_WARN_DOCUMENTATION_COMMENTS = YES;
				CLANG_WARN_EMPTY_BODY = YES;
				CLANG_WARN_ENUM_CONVERSION = YES;
				CLANG_WARN_INFINITE_RECURSION = YES;
				CLANG_WARN_INT_CONVERSION = YES;
				CLANG_WARN_NON_LITERAL_NULL_CONVERSION = YES;
				CLANG_WARN_OBJC_IMPLICIT_RETAIN_SELF = YES;
				CLANG_WARN_OBJC_LITERAL_CONVERSION = YES;
				CLANG_WARN_OBJC_ROOT_CLASS = YES_ERROR;
				CLANG_WARN_QUOTED_INCLUDE_IN_FRAMEWORK_HEADER = YES;
				CLANG_WARN_RANGE_LOOP_ANALYSIS = YES;
				CLANG_WARN_STRICT_PROTOTYPES = YES;
				CLANG_WARN_SUSPICIOUS_MOVE = YES;
				CLANG_WARN_UNGUARDED_AVAILABILITY = YES_AGGRESSIVE;
				CLANG_WARN_UNREACHABLE_CODE = YES;
				CLANG_WARN__DUPLICATE_METHOD_MATCH = YES;
				COPY_PHASE_STRIP = NO;
				DEBUG_INFORMATION_FORMAT = dwarf;
				ENABLE_STRICT_OBJC_MSGSEND = YES;
				ENABLE_TESTABILITY = YES;
				GCC_C_LANGUAGE_STANDARD = gnu11;
				GCC_DYNAMIC_NO_PIC = NO;
				GCC_NO_COMMON_BLOCKS = YES;
				GCC_OPTIMIZATION_LEVEL = 0;
				GCC_PREPROCESSOR_DEFINITIONS = (
					"DEBUG=1",
					"$(inherited)",
				);
				GCC_WARN_64_TO_32_BIT_CONVERSION = YES;
				GCC_WARN_ABOUT_RETURN_TYPE = YES_ERROR;
				GCC_WARN_UNDECLARED_SELECTOR = YES;
				GCC_WARN_UNINITIALIZED_AUTOS = YES_AGGRESSIVE;
				GCC_WARN_UNUSED_FUNCTION = YES;
				GCC_WARN_UNUSED_VARIABLE = YES;
				IPHONEOS_DEPLOYMENT_TARGET = 14.0;
				MTL_ENABLE_DEBUG_INFO = INCLUDE_SOURCE;
				MTL_FAST_MATH = YES;
				ONLY_ACTIVE_ARCH = YES;
				SDKROOT = iphoneos;
				SWIFT_ACTIVE_COMPILATION_CONDITIONS = DEBUG;
				SWIFT_OPTIMIZATION_LEVEL = "-Onone";
			};
			name = Debug;
		};
		140E7F53270D815700AA0D36 /* Release */ = {
			isa = XCBuildConfiguration;
			buildSettings = {
				ALWAYS_SEARCH_USER_PATHS = NO;
				CLANG_ANALYZER_NONNULL = YES;
				CLANG_ANALYZER_NUMBER_OBJECT_CONVERSION = YES_AGGRESSIVE;
				CLANG_CXX_LANGUAGE_STANDARD = "gnu++17";
				CLANG_CXX_LIBRARY = "libc++";
				CLANG_ENABLE_MODULES = YES;
				CLANG_ENABLE_OBJC_ARC = YES;
				CLANG_ENABLE_OBJC_WEAK = YES;
				CLANG_WARN_BLOCK_CAPTURE_AUTORELEASING = YES;
				CLANG_WARN_BOOL_CONVERSION = YES;
				CLANG_WARN_COMMA = YES;
				CLANG_WARN_CONSTANT_CONVERSION = YES;
				CLANG_WARN_DEPRECATED_OBJC_IMPLEMENTATIONS = YES;
				CLANG_WARN_DIRECT_OBJC_ISA_USAGE = YES_ERROR;
				CLANG_WARN_DOCUMENTATION_COMMENTS = YES;
				CLANG_WARN_EMPTY_BODY = YES;
				CLANG_WARN_ENUM_CONVERSION = YES;
				CLANG_WARN_INFINITE_RECURSION = YES;
				CLANG_WARN_INT_CONVERSION = YES;
				CLANG_WARN_NON_LITERAL_NULL_CONVERSION = YES;
				CLANG_WARN_OBJC_IMPLICIT_RETAIN_SELF = YES;
				CLANG_WARN_OBJC_LITERAL_CONVERSION = YES;
				CLANG_WARN_OBJC_ROOT_CLASS = YES_ERROR;
				CLANG_WARN_QUOTED_INCLUDE_IN_FRAMEWORK_HEADER = YES;
				CLANG_WARN_RANGE_LOOP_ANALYSIS = YES;
				CLANG_WARN_STRICT_PROTOTYPES = YES;
				CLANG_WARN_SUSPICIOUS_MOVE = YES;
				CLANG_WARN_UNGUARDED_AVAILABILITY = YES_AGGRESSIVE;
				CLANG_WARN_UNREACHABLE_CODE = YES;
				CLANG_WARN__DUPLICATE_METHOD_MATCH = YES;
				COPY_PHASE_STRIP = NO;
				DEBUG_INFORMATION_FORMAT = "dwarf-with-dsym";
				ENABLE_NS_ASSERTIONS = NO;
				ENABLE_STRICT_OBJC_MSGSEND = YES;
				GCC_C_LANGUAGE_STANDARD = gnu11;
				GCC_NO_COMMON_BLOCKS = YES;
				GCC_WARN_64_TO_32_BIT_CONVERSION = YES;
				GCC_WARN_ABOUT_RETURN_TYPE = YES_ERROR;
				GCC_WARN_UNDECLARED_SELECTOR = YES;
				GCC_WARN_UNINITIALIZED_AUTOS = YES_AGGRESSIVE;
				GCC_WARN_UNUSED_FUNCTION = YES;
				GCC_WARN_UNUSED_VARIABLE = YES;
				IPHONEOS_DEPLOYMENT_TARGET = 14.0;
				MTL_ENABLE_DEBUG_INFO = NO;
				MTL_FAST_MATH = YES;
				SDKROOT = iphoneos;
				SWIFT_COMPILATION_MODE = wholemodule;
				SWIFT_OPTIMIZATION_LEVEL = "-O";
				VALIDATE_PRODUCT = YES;
			};
			name = Release;
		};
		140E7F55270D815700AA0D36 /* Debug */ = {
			isa = XCBuildConfiguration;
			buildSettings = {
				ASSETCATALOG_COMPILER_APPICON_NAME = AppIcon;
				ASSETCATALOG_COMPILER_GLOBAL_ACCENT_COLOR_NAME = AccentColor;
				CODE_SIGN_STYLE = Automatic;
				CURRENT_PROJECT_VERSION = 1;
				DEVELOPMENT_ASSET_PATHS = "\"SwiftUICleanArchitecture/Preview Content\"";
				ENABLE_PREVIEWS = YES;
				GENERATE_INFOPLIST_FILE = YES;
				INFOPLIST_FILE = SwiftUICleanArchitecture/Info.plist;
				INFOPLIST_KEY_UIApplicationSceneManifest_Generation = YES;
				INFOPLIST_KEY_UIApplicationSupportsIndirectInputEvents = YES;
				INFOPLIST_KEY_UILaunchScreen_Generation = YES;
				INFOPLIST_KEY_UISupportedInterfaceOrientations = UIInterfaceOrientationPortrait;
				INFOPLIST_KEY_UISupportedInterfaceOrientations_iPad = "UIInterfaceOrientationPortrait UIInterfaceOrientationPortraitUpsideDown UIInterfaceOrientationLandscapeLeft UIInterfaceOrientationLandscapeRight";
				INFOPLIST_KEY_UISupportedInterfaceOrientations_iPhone = "UIInterfaceOrientationPortrait UIInterfaceOrientationLandscapeLeft UIInterfaceOrientationLandscapeRight";
				IPHONEOS_DEPLOYMENT_TARGET = 14.0;
				LD_RUNPATH_SEARCH_PATHS = (
					"$(inherited)",
					"@executable_path/Frameworks",
				);
				MARKETING_VERSION = 1.0;
				PRODUCT_BUNDLE_IDENTIFIER = com.dinhquan.SwiftUICleanArchitecture;
				PRODUCT_NAME = "$(TARGET_NAME)";
				SWIFT_EMIT_LOC_STRINGS = YES;
				SWIFT_VERSION = 5.0;
				TARGETED_DEVICE_FAMILY = "1,2";
			};
			name = Debug;
		};
		140E7F56270D815700AA0D36 /* Release */ = {
			isa = XCBuildConfiguration;
			buildSettings = {
				ASSETCATALOG_COMPILER_APPICON_NAME = AppIcon;
				ASSETCATALOG_COMPILER_GLOBAL_ACCENT_COLOR_NAME = AccentColor;
				CODE_SIGN_STYLE = Automatic;
				CURRENT_PROJECT_VERSION = 1;
				DEVELOPMENT_ASSET_PATHS = "\"SwiftUICleanArchitecture/Preview Content\"";
				ENABLE_PREVIEWS = YES;
				GENERATE_INFOPLIST_FILE = YES;
				INFOPLIST_FILE = SwiftUICleanArchitecture/Info.plist;
				INFOPLIST_KEY_UIApplicationSceneManifest_Generation = YES;
				INFOPLIST_KEY_UIApplicationSupportsIndirectInputEvents = YES;
				INFOPLIST_KEY_UILaunchScreen_Generation = YES;
				INFOPLIST_KEY_UISupportedInterfaceOrientations = UIInterfaceOrientationPortrait;
				INFOPLIST_KEY_UISupportedInterfaceOrientations_iPad = "UIInterfaceOrientationPortrait UIInterfaceOrientationPortraitUpsideDown UIInterfaceOrientationLandscapeLeft UIInterfaceOrientationLandscapeRight";
				INFOPLIST_KEY_UISupportedInterfaceOrientations_iPhone = "UIInterfaceOrientationPortrait UIInterfaceOrientationLandscapeLeft UIInterfaceOrientationLandscapeRight";
				IPHONEOS_DEPLOYMENT_TARGET = 14.0;
				LD_RUNPATH_SEARCH_PATHS = (
					"$(inherited)",
					"@executable_path/Frameworks",
				);
				MARKETING_VERSION = 1.0;
				PRODUCT_BUNDLE_IDENTIFIER = com.dinhquan.SwiftUICleanArchitecture;
				PRODUCT_NAME = "$(TARGET_NAME)";
				SWIFT_EMIT_LOC_STRINGS = YES;
				SWIFT_VERSION = 5.0;
				TARGETED_DEVICE_FAMILY = "1,2";
			};
			name = Release;
		};
		140E7F58270D815700AA0D36 /* Debug */ = {
			isa = XCBuildConfiguration;
			buildSettings = {
				ALWAYS_EMBED_SWIFT_STANDARD_LIBRARIES = YES;
				BUNDLE_LOADER = "$(TEST_HOST)";
				CODE_SIGN_STYLE = Automatic;
				CURRENT_PROJECT_VERSION = 1;
				GENERATE_INFOPLIST_FILE = YES;
				IPHONEOS_DEPLOYMENT_TARGET = 15.0;
				LD_RUNPATH_SEARCH_PATHS = (
					"$(inherited)",
					"@executable_path/Frameworks",
					"@loader_path/Frameworks",
				);
				MARKETING_VERSION = 1.0;
				PRODUCT_BUNDLE_IDENTIFIER = com.dinhquan.SwiftUICleanArchitectureTests;
				PRODUCT_NAME = "$(TARGET_NAME)";
				SWIFT_EMIT_LOC_STRINGS = NO;
				SWIFT_VERSION = 5.0;
				TARGETED_DEVICE_FAMILY = "1,2";
				TEST_HOST = "$(BUILT_PRODUCTS_DIR)/SwiftUICleanArchitecture.app/SwiftUICleanArchitecture";
			};
			name = Debug;
		};
		140E7F59270D815700AA0D36 /* Release */ = {
			isa = XCBuildConfiguration;
			buildSettings = {
				ALWAYS_EMBED_SWIFT_STANDARD_LIBRARIES = YES;
				BUNDLE_LOADER = "$(TEST_HOST)";
				CODE_SIGN_STYLE = Automatic;
				CURRENT_PROJECT_VERSION = 1;
				GENERATE_INFOPLIST_FILE = YES;
				IPHONEOS_DEPLOYMENT_TARGET = 15.0;
				LD_RUNPATH_SEARCH_PATHS = (
					"$(inherited)",
					"@executable_path/Frameworks",
					"@loader_path/Frameworks",
				);
				MARKETING_VERSION = 1.0;
				PRODUCT_BUNDLE_IDENTIFIER = com.dinhquan.SwiftUICleanArchitectureTests;
				PRODUCT_NAME = "$(TARGET_NAME)";
				SWIFT_EMIT_LOC_STRINGS = NO;
				SWIFT_VERSION = 5.0;
				TARGETED_DEVICE_FAMILY = "1,2";
				TEST_HOST = "$(BUILT_PRODUCTS_DIR)/SwiftUICleanArchitecture.app/SwiftUICleanArchitecture";
			};
			name = Release;
		};
		140E7F5B270D815700AA0D36 /* Debug */ = {
			isa = XCBuildConfiguration;
			buildSettings = {
				ALWAYS_EMBED_SWIFT_STANDARD_LIBRARIES = YES;
				CODE_SIGN_STYLE = Automatic;
				CURRENT_PROJECT_VERSION = 1;
				GENERATE_INFOPLIST_FILE = YES;
				LD_RUNPATH_SEARCH_PATHS = (
					"$(inherited)",
					"@executable_path/Frameworks",
					"@loader_path/Frameworks",
				);
				MARKETING_VERSION = 1.0;
				PRODUCT_BUNDLE_IDENTIFIER = com.dinhquan.SwiftUICleanArchitectureUITests;
				PRODUCT_NAME = "$(TARGET_NAME)";
				SWIFT_EMIT_LOC_STRINGS = NO;
				SWIFT_VERSION = 5.0;
				TARGETED_DEVICE_FAMILY = "1,2";
				TEST_TARGET_NAME = SwiftUICleanArchitecture;
			};
			name = Debug;
		};
		140E7F5C270D815700AA0D36 /* Release */ = {
			isa = XCBuildConfiguration;
			buildSettings = {
				ALWAYS_EMBED_SWIFT_STANDARD_LIBRARIES = YES;
				CODE_SIGN_STYLE = Automatic;
				CURRENT_PROJECT_VERSION = 1;
				GENERATE_INFOPLIST_FILE = YES;
				LD_RUNPATH_SEARCH_PATHS = (
					"$(inherited)",
					"@executable_path/Frameworks",
					"@loader_path/Frameworks",
				);
				MARKETING_VERSION = 1.0;
				PRODUCT_BUNDLE_IDENTIFIER = com.dinhquan.SwiftUICleanArchitectureUITests;
				PRODUCT_NAME = "$(TARGET_NAME)";
				SWIFT_EMIT_LOC_STRINGS = NO;
				SWIFT_VERSION = 5.0;
				TARGETED_DEVICE_FAMILY = "1,2";
				TEST_TARGET_NAME = SwiftUICleanArchitecture;
			};
			name = Release;
		};
/* End XCBuildConfiguration section */

/* Begin XCConfigurationList section */
		140E7F2B270D815300AA0D36 /* Build configuration list for PBXProject "SwiftUICleanArchitecture" */ = {
			isa = XCConfigurationList;
			buildConfigurations = (
				140E7F52270D815700AA0D36 /* Debug */,
				140E7F53270D815700AA0D36 /* Release */,
			);
			defaultConfigurationIsVisible = 0;
			defaultConfigurationName = Release;
		};
		140E7F54270D815700AA0D36 /* Build configuration list for PBXNativeTarget "SwiftUICleanArchitecture" */ = {
			isa = XCConfigurationList;
			buildConfigurations = (
				140E7F55270D815700AA0D36 /* Debug */,
				140E7F56270D815700AA0D36 /* Release */,
			);
			defaultConfigurationIsVisible = 0;
			defaultConfigurationName = Release;
		};
		140E7F57270D815700AA0D36 /* Build configuration list for PBXNativeTarget "SwiftUICleanArchitectureTests" */ = {
			isa = XCConfigurationList;
			buildConfigurations = (
				140E7F58270D815700AA0D36 /* Debug */,
				140E7F59270D815700AA0D36 /* Release */,
			);
			defaultConfigurationIsVisible = 0;
			defaultConfigurationName = Release;
		};
		140E7F5A270D815700AA0D36 /* Build configuration list for PBXNativeTarget "SwiftUICleanArchitectureUITests" */ = {
			isa = XCConfigurationList;
			buildConfigurations = (
				140E7F5B270D815700AA0D36 /* Debug */,
				140E7F5C270D815700AA0D36 /* Release */,
			);
			defaultConfigurationIsVisible = 0;
			defaultConfigurationName = Release;
		};
/* End XCConfigurationList section */

/* Begin XCRemoteSwiftPackageReference section */
		147C14AA272697A400991D88 /* XCRemoteSwiftPackageReference "Swinet" */ = {
			isa = XCRemoteSwiftPackageReference;
			repositoryURL = "https://github.com/dinhquan/Swinet";
			requirement = {
				kind = upToNextMajorVersion;
				minimumVersion = 1.0.0;
			};
		};
/* End XCRemoteSwiftPackageReference section */

/* Begin XCSwiftPackageProductDependency section */
		147C14AB272697A400991D88 /* Swinet */ = {
			isa = XCSwiftPackageProductDependency;
			package = 147C14AA272697A400991D88 /* XCRemoteSwiftPackageReference "Swinet" */;
			productName = Swinet;
		};
/* End XCSwiftPackageProductDependency section */
	};
	rootObject = 140E7F28270D815300AA0D36 /* Project object */;
}
